
Microsoft Visual Studio Solution File, Format Version 12.00
# Visual Studio Version 17
VisualStudioVersion = 17.7.34024.191
MinimumVisualStudioVersion = 10.0.40219.1
Project("{8BC9CEB8-8B4A-11D0-8D11-00A0C91BC942}") = "zadanie 3", "zadanie 3.vcxproj", "{5CEDA3BD-9BE5-403F-AE00-6024A5484A17}"
EndProject
Global
	GlobalSection(SolutionConfigurationPlatforms) = preSolution
		Debug|x64 = Debug|x64
		Debug|x86 = Debug|x86
		Release|x64 = Release|x64
		Release|x86 = Release|x86
	EndGlobalSection
	GlobalSection(ProjectConfigurationPlatforms) = postSolution
		{5CEDA3BD-9BE5-403F-AE00-6024A5484A17}.Debug|x64.ActiveCfg = Debug|x64
		{5CEDA3BD-9BE5-403F-AE00-6024A5484A17}.Debug|x64.Build.0 = Debug|x64
		{5CEDA3BD-9BE5-403F-AE00-6024A5484A17}.Debug|x86.ActiveCfg = Debug|Win32
		{5CEDA3BD-9BE5-403F-AE00-6024A5484A17}.Debug|x86.Build.0 = Debug|Win32
		{5CEDA3BD-9BE5-403F-AE00-6024A5484A17}.Release|x64.ActiveCfg = Release|x64
		{5CEDA3BD-9BE5-403F-AE00-6024A5484A17}.Release|x64.Build.0 = Release|x64
		{5CEDA3BD-9BE5-403F-AE00-6024A5484A17}.Release|x86.ActiveCfg = Release|Win32
		{5CEDA3BD-9BE5-403F-AE00-6024A5484A17}.Release|x86.Build.0 = Release|Win32
	EndGlobalSection
	GlobalSection(SolutionProperties) = preSolution
		HideSolutionNode = FALSE
	EndGlobalSection
	GlobalSection(ExtensibilityGlobals) = postSolution
		SolutionGuid = {2471920C-CE71-40E5-8E6B-11E016FDFB9C}
	EndGlobalSection
EndGlobal
