
Microsoft Visual Studio Solution File, Format Version 12.00
# Visual Studio Version 17
VisualStudioVersion = 17.7.34024.191
MinimumVisualStudioVersion = 10.0.40219.1
Project("{8BC9CEB8-8B4A-11D0-8D11-00A0C91BC942}") = "k7", "k7.vcxproj", "{53E17B4E-3ADA-4F93-BDFA-C6984D8832A0}"
EndProject
Global
	GlobalSection(SolutionConfigurationPlatforms) = preSolution
		Debug|x64 = Debug|x64
		Debug|x86 = Debug|x86
		Release|x64 = Release|x64
		Release|x86 = Release|x86
	EndGlobalSection
	GlobalSection(ProjectConfigurationPlatforms) = postSolution
		{53E17B4E-3ADA-4F93-BDFA-C6984D8832A0}.Debug|x64.ActiveCfg = Debug|x64
		{53E17B4E-3ADA-4F93-BDFA-C6984D8832A0}.Debug|x64.Build.0 = Debug|x64
		{53E17B4E-3ADA-4F93-BDFA-C6984D8832A0}.Debug|x86.ActiveCfg = Debug|Win32
		{53E17B4E-3ADA-4F93-BDFA-C6984D8832A0}.Debug|x86.Build.0 = Debug|Win32
		{53E17B4E-3ADA-4F93-BDFA-C6984D8832A0}.Release|x64.ActiveCfg = Release|x64
		{53E17B4E-3ADA-4F93-BDFA-C6984D8832A0}.Release|x64.Build.0 = Release|x64
		{53E17B4E-3ADA-4F93-BDFA-C6984D8832A0}.Release|x86.ActiveCfg = Release|Win32
		{53E17B4E-3ADA-4F93-BDFA-C6984D8832A0}.Release|x86.Build.0 = Release|Win32
	EndGlobalSection
	GlobalSection(SolutionProperties) = preSolution
		HideSolutionNode = FALSE
	EndGlobalSection
	GlobalSection(ExtensibilityGlobals) = postSolution
		SolutionGuid = {7F4B612E-EB30-4E61-BFBF-7B3EAEACBB3A}
	EndGlobalSection
EndGlobal
