
Microsoft Visual Studio Solution File, Format Version 12.00
# Visual Studio Version 17
VisualStudioVersion = 17.7.34024.191
MinimumVisualStudioVersion = 10.0.40219.1
Project("{8BC9CEB8-8B4A-11D0-8D11-00A0C91BC942}") = "zadacha2", "zadacha2.vcxproj", "{A46E0304-E0B8-49BE-A47F-E10AA4BA244C}"
EndProject
Global
	GlobalSection(SolutionConfigurationPlatforms) = preSolution
		Debug|x64 = Debug|x64
		Debug|x86 = Debug|x86
		Release|x64 = Release|x64
		Release|x86 = Release|x86
	EndGlobalSection
	GlobalSection(ProjectConfigurationPlatforms) = postSolution
		{A46E0304-E0B8-49BE-A47F-E10AA4BA244C}.Debug|x64.ActiveCfg = Debug|x64
		{A46E0304-E0B8-49BE-A47F-E10AA4BA244C}.Debug|x64.Build.0 = Debug|x64
		{A46E0304-E0B8-49BE-A47F-E10AA4BA244C}.Debug|x86.ActiveCfg = Debug|Win32
		{A46E0304-E0B8-49BE-A47F-E10AA4BA244C}.Debug|x86.Build.0 = Debug|Win32
		{A46E0304-E0B8-49BE-A47F-E10AA4BA244C}.Release|x64.ActiveCfg = Release|x64
		{A46E0304-E0B8-49BE-A47F-E10AA4BA244C}.Release|x64.Build.0 = Release|x64
		{A46E0304-E0B8-49BE-A47F-E10AA4BA244C}.Release|x86.ActiveCfg = Release|Win32
		{A46E0304-E0B8-49BE-A47F-E10AA4BA244C}.Release|x86.Build.0 = Release|Win32
	EndGlobalSection
	GlobalSection(SolutionProperties) = preSolution
		HideSolutionNode = FALSE
	EndGlobalSection
	GlobalSection(ExtensibilityGlobals) = postSolution
		SolutionGuid = {0EF132A5-8F03-41C8-A9A1-561CCE61E1A1}
	EndGlobalSection
EndGlobal
